{
    "name": "svg-logo-maker",
    "version": "1.0.0",
    "lockfileVersion": 2,
    "requires": true,
    "packages": {
      "": {
        "name": "svg-logo-maker",
        "version": "1.0.0",
        "license": "ISC",
        "dependencies": {
          "inquirer": "^8.2.4",
          "is-css3-color": "^1.0.0"
        },